
Microsoft Visual Studio Solution File, Format Version 12.00
# Visual Studio 15
VisualStudioVersion = 15.0.27130.2024
MinimumVisualStudioVersion = 10.0.40219.1
Project("{FAE04EC0-301F-11D3-BF4B-00C04F79EFBC}") = "MediumDesktop", "MediumDesktop.csproj", "{40DCE307-41F0-4A3A-B9F1-CE319C64D2BC}"
EndProject
Global
	GlobalSection(SolutionConfigurationPlatforms) = preSolution
		Debug|Any CPU = Debug|Any CPU
		Release|Any CPU = Release|Any CPU
	EndGlobalSection
	GlobalSection(ProjectConfigurationPlatforms) = postSolution
		{40DCE307-41F0-4A3A-B9F1-CE319C64D2BC}.Debug|Any CPU.ActiveCfg = Debug|Any CPU
		{40DCE307-41F0-4A3A-B9F1-CE319C64D2BC}.Debug|Any CPU.Build.0 = Debug|Any CPU
		{40DCE307-41F0-4A3A-B9F1-CE319C64D2BC}.Release|Any CPU.ActiveCfg = Release|Any CPU
		{40DCE307-41F0-4A3A-B9F1-CE319C64D2BC}.Release|Any CPU.Build.0 = Release|Any CPU
	EndGlobalSection
	GlobalSection(SolutionProperties) = preSolution
		HideSolutionNode = FALSE
	EndGlobalSection
	GlobalSection(ExtensibilityGlobals) = postSolution
		SolutionGuid = {FEF7E678-5EBC-4FBC-A347-04ED615C9E8F}
	EndGlobalSection
EndGlobal
