
Microsoft Visual Studio Solution File, Format Version 12.00
# Visual Studio 15
VisualStudioVersion = 15.0.27428.2037
MinimumVisualStudioVersion = 10.0.40219.1
Project("{FAE04EC0-301F-11D3-BF4B-00C04F79EFBC}") = "MediumDesktop", "MediumDesktop\MediumDesktop.csproj", "{3A27E364-ABD0-4BC4-88CB-35A2A1415FB3}"
EndProject
Project("{FAE04EC0-301F-11D3-BF4B-00C04F79EFBC}") = "MediumDesktop.Core", "MediumDesktop.Core\MediumDesktop.Core.csproj", "{AE54CB46-23D8-44C3-80F3-D3DAE3D9C084}"
EndProject
Project("{FAE04EC0-301F-11D3-BF4B-00C04F79EFBC}") = "MediumSDK.WPF", "MediumSDK.WPF\MediumSDK.WPF.csproj", "{14CBAA7D-6570-450F-9CA0-E7AF991C0E1F}"
EndProject
Project("{FAE04EC0-301F-11D3-BF4B-00C04F79EFBC}") = "MediumDesktop.Core.Tests", "MediumDesktop.Core.Test\MediumDesktop.Core.Tests.csproj", "{6E6540FB-8E8E-4F7B-8567-983F07B588B7}"
EndProject
Global
	GlobalSection(SolutionConfigurationPlatforms) = preSolution
		Debug|Any CPU = Debug|Any CPU
		Debug|x64 = Debug|x64
		Release|Any CPU = Release|Any CPU
		Release|x64 = Release|x64
	EndGlobalSection
	GlobalSection(ProjectConfigurationPlatforms) = postSolution
		{3A27E364-ABD0-4BC4-88CB-35A2A1415FB3}.Debug|Any CPU.ActiveCfg = Debug|Any CPU
		{3A27E364-ABD0-4BC4-88CB-35A2A1415FB3}.Debug|Any CPU.Build.0 = Debug|Any CPU
		{3A27E364-ABD0-4BC4-88CB-35A2A1415FB3}.Debug|x64.ActiveCfg = Debug|x86
		{3A27E364-ABD0-4BC4-88CB-35A2A1415FB3}.Debug|x64.Build.0 = Debug|x86
		{3A27E364-ABD0-4BC4-88CB-35A2A1415FB3}.Release|Any CPU.ActiveCfg = Release|Any CPU
		{3A27E364-ABD0-4BC4-88CB-35A2A1415FB3}.Release|Any CPU.Build.0 = Release|Any CPU
		{3A27E364-ABD0-4BC4-88CB-35A2A1415FB3}.Release|x64.ActiveCfg = Release|x64
		{3A27E364-ABD0-4BC4-88CB-35A2A1415FB3}.Release|x64.Build.0 = Release|x64
		{AE54CB46-23D8-44C3-80F3-D3DAE3D9C084}.Debug|Any CPU.ActiveCfg = Debug|Any CPU
		{AE54CB46-23D8-44C3-80F3-D3DAE3D9C084}.Debug|Any CPU.Build.0 = Debug|Any CPU
		{AE54CB46-23D8-44C3-80F3-D3DAE3D9C084}.Debug|x64.ActiveCfg = Debug|x86
		{AE54CB46-23D8-44C3-80F3-D3DAE3D9C084}.Debug|x64.Build.0 = Debug|x86
		{AE54CB46-23D8-44C3-80F3-D3DAE3D9C084}.Release|Any CPU.ActiveCfg = Release|Any CPU
		{AE54CB46-23D8-44C3-80F3-D3DAE3D9C084}.Release|Any CPU.Build.0 = Release|Any CPU
		{AE54CB46-23D8-44C3-80F3-D3DAE3D9C084}.Release|x64.ActiveCfg = Release|x64
		{AE54CB46-23D8-44C3-80F3-D3DAE3D9C084}.Release|x64.Build.0 = Release|x64
		{14CBAA7D-6570-450F-9CA0-E7AF991C0E1F}.Debug|Any CPU.ActiveCfg = Debug|Any CPU
		{14CBAA7D-6570-450F-9CA0-E7AF991C0E1F}.Debug|Any CPU.Build.0 = Debug|Any CPU
		{14CBAA7D-6570-450F-9CA0-E7AF991C0E1F}.Debug|x64.ActiveCfg = Debug|Any CPU
		{14CBAA7D-6570-450F-9CA0-E7AF991C0E1F}.Debug|x64.Build.0 = Debug|Any CPU
		{14CBAA7D-6570-450F-9CA0-E7AF991C0E1F}.Release|Any CPU.ActiveCfg = Release|Any CPU
		{14CBAA7D-6570-450F-9CA0-E7AF991C0E1F}.Release|Any CPU.Build.0 = Release|Any CPU
		{14CBAA7D-6570-450F-9CA0-E7AF991C0E1F}.Release|x64.ActiveCfg = Release|Any CPU
		{14CBAA7D-6570-450F-9CA0-E7AF991C0E1F}.Release|x64.Build.0 = Release|Any CPU
		{6E6540FB-8E8E-4F7B-8567-983F07B588B7}.Debug|Any CPU.ActiveCfg = Debug|Any CPU
		{6E6540FB-8E8E-4F7B-8567-983F07B588B7}.Debug|Any CPU.Build.0 = Debug|Any CPU
		{6E6540FB-8E8E-4F7B-8567-983F07B588B7}.Debug|x64.ActiveCfg = Debug|Any CPU
		{6E6540FB-8E8E-4F7B-8567-983F07B588B7}.Debug|x64.Build.0 = Debug|Any CPU
		{6E6540FB-8E8E-4F7B-8567-983F07B588B7}.Release|Any CPU.ActiveCfg = Release|Any CPU
		{6E6540FB-8E8E-4F7B-8567-983F07B588B7}.Release|Any CPU.Build.0 = Release|Any CPU
		{6E6540FB-8E8E-4F7B-8567-983F07B588B7}.Release|x64.ActiveCfg = Release|Any CPU
		{6E6540FB-8E8E-4F7B-8567-983F07B588B7}.Release|x64.Build.0 = Release|Any CPU
	EndGlobalSection
	GlobalSection(SolutionProperties) = preSolution
		HideSolutionNode = FALSE
	EndGlobalSection
	GlobalSection(ExtensibilityGlobals) = postSolution
		SolutionGuid = {F624A9C2-2F3C-4918-B242-6921013E73D0}
	EndGlobalSection
EndGlobal
