
Microsoft Visual Studio Solution File, Format Version 12.00
# Visual Studio 15
VisualStudioVersion = 15.0.27703.2042
MinimumVisualStudioVersion = 10.0.40219.1
Project("{2150E333-8FDC-42A3-9474-1A3956D46DE8}") = "Domain", "Domain", "{50F208D7-651F-43CC-9DC0-DB7B2261DABF}"
EndProject
Project("{2150E333-8FDC-42A3-9474-1A3956D46DE8}") = "UI", "UI", "{E7CB6190-ECEC-4803-9B45-36E409961547}"
EndProject
Project("{9A19103F-16F7-4668-BE54-9A1E7A4F7556}") = "Medium", "UI\Medium\Medium.csproj", "{EEE75CC2-A6E0-4134-8233-5C86E99A7BED}"
EndProject
Project("{2150E333-8FDC-42A3-9474-1A3956D46DE8}") = "Services", "Services", "{7153CA56-6C24-4080-97FC-E4B1BB4689DC}"
EndProject
Project("{9A19103F-16F7-4668-BE54-9A1E7A4F7556}") = "Services.Interfaces", "Services\Services.Interfaces\Services.Interfaces.csproj", "{85F1B783-D663-4D1D-B484-1E1B294D9FFD}"
EndProject
Project("{9A19103F-16F7-4668-BE54-9A1E7A4F7556}") = "Services.Impl", "Services\Services.Impl\Services.Impl.csproj", "{0732993B-058C-4C22-B0CE-C9E814761CB6}"
EndProject
Project("{2150E333-8FDC-42A3-9474-1A3956D46DE8}") = "Tests", "Tests", "{79E3B167-D166-4E81-95A7-7D3A1CCDB37B}"
EndProject
Project("{9A19103F-16F7-4668-BE54-9A1E7A4F7556}") = "Medium.Domain", "Domain\Medium.Domain\Medium.Domain.csproj", "{76720F2B-B487-4F5D-84FF-68707BCEDED8}"
EndProject
Project("{9A19103F-16F7-4668-BE54-9A1E7A4F7556}") = "Medium.Core", "UI\Medium.Core\Medium.Core.csproj", "{C99521DB-695B-425C-A8BA-70DF2D283140}"
EndProject
Project("{FAE04EC0-301F-11D3-BF4B-00C04F79EFBC}") = "MediumTests", "..\tests\MediumTests\MediumTests.csproj", "{EBAF21AD-C152-4F6B-9D53-46C6E41D9F69}"
EndProject
Global
	GlobalSection(SolutionConfigurationPlatforms) = preSolution
		Debug|Any CPU = Debug|Any CPU
		Release|Any CPU = Release|Any CPU
	EndGlobalSection
	GlobalSection(ProjectConfigurationPlatforms) = postSolution
		{EEE75CC2-A6E0-4134-8233-5C86E99A7BED}.Debug|Any CPU.ActiveCfg = Debug|Any CPU
		{EEE75CC2-A6E0-4134-8233-5C86E99A7BED}.Debug|Any CPU.Build.0 = Debug|Any CPU
		{EEE75CC2-A6E0-4134-8233-5C86E99A7BED}.Release|Any CPU.ActiveCfg = Release|Any CPU
		{EEE75CC2-A6E0-4134-8233-5C86E99A7BED}.Release|Any CPU.Build.0 = Release|Any CPU
		{85F1B783-D663-4D1D-B484-1E1B294D9FFD}.Debug|Any CPU.ActiveCfg = Debug|Any CPU
		{85F1B783-D663-4D1D-B484-1E1B294D9FFD}.Debug|Any CPU.Build.0 = Debug|Any CPU
		{85F1B783-D663-4D1D-B484-1E1B294D9FFD}.Release|Any CPU.ActiveCfg = Release|Any CPU
		{85F1B783-D663-4D1D-B484-1E1B294D9FFD}.Release|Any CPU.Build.0 = Release|Any CPU
		{0732993B-058C-4C22-B0CE-C9E814761CB6}.Debug|Any CPU.ActiveCfg = Debug|Any CPU
		{0732993B-058C-4C22-B0CE-C9E814761CB6}.Debug|Any CPU.Build.0 = Debug|Any CPU
		{0732993B-058C-4C22-B0CE-C9E814761CB6}.Release|Any CPU.ActiveCfg = Release|Any CPU
		{0732993B-058C-4C22-B0CE-C9E814761CB6}.Release|Any CPU.Build.0 = Release|Any CPU
		{76720F2B-B487-4F5D-84FF-68707BCEDED8}.Debug|Any CPU.ActiveCfg = Debug|Any CPU
		{76720F2B-B487-4F5D-84FF-68707BCEDED8}.Debug|Any CPU.Build.0 = Debug|Any CPU
		{76720F2B-B487-4F5D-84FF-68707BCEDED8}.Release|Any CPU.ActiveCfg = Release|Any CPU
		{76720F2B-B487-4F5D-84FF-68707BCEDED8}.Release|Any CPU.Build.0 = Release|Any CPU
		{C99521DB-695B-425C-A8BA-70DF2D283140}.Debug|Any CPU.ActiveCfg = Debug|Any CPU
		{C99521DB-695B-425C-A8BA-70DF2D283140}.Debug|Any CPU.Build.0 = Debug|Any CPU
		{C99521DB-695B-425C-A8BA-70DF2D283140}.Release|Any CPU.ActiveCfg = Release|Any CPU
		{C99521DB-695B-425C-A8BA-70DF2D283140}.Release|Any CPU.Build.0 = Release|Any CPU
		{EBAF21AD-C152-4F6B-9D53-46C6E41D9F69}.Debug|Any CPU.ActiveCfg = Debug|Any CPU
		{EBAF21AD-C152-4F6B-9D53-46C6E41D9F69}.Debug|Any CPU.Build.0 = Debug|Any CPU
		{EBAF21AD-C152-4F6B-9D53-46C6E41D9F69}.Release|Any CPU.ActiveCfg = Release|Any CPU
		{EBAF21AD-C152-4F6B-9D53-46C6E41D9F69}.Release|Any CPU.Build.0 = Release|Any CPU
	EndGlobalSection
	GlobalSection(SolutionProperties) = preSolution
		HideSolutionNode = FALSE
	EndGlobalSection
	GlobalSection(NestedProjects) = preSolution
		{EEE75CC2-A6E0-4134-8233-5C86E99A7BED} = {E7CB6190-ECEC-4803-9B45-36E409961547}
		{85F1B783-D663-4D1D-B484-1E1B294D9FFD} = {7153CA56-6C24-4080-97FC-E4B1BB4689DC}
		{0732993B-058C-4C22-B0CE-C9E814761CB6} = {7153CA56-6C24-4080-97FC-E4B1BB4689DC}
		{76720F2B-B487-4F5D-84FF-68707BCEDED8} = {50F208D7-651F-43CC-9DC0-DB7B2261DABF}
		{C99521DB-695B-425C-A8BA-70DF2D283140} = {E7CB6190-ECEC-4803-9B45-36E409961547}
		{EBAF21AD-C152-4F6B-9D53-46C6E41D9F69} = {79E3B167-D166-4E81-95A7-7D3A1CCDB37B}
	EndGlobalSection
	GlobalSection(ExtensibilityGlobals) = postSolution
		SolutionGuid = {17A86A2A-DF9D-4AF1-8676-2C09F5250389}
	EndGlobalSection
EndGlobal
