
Microsoft Visual Studio Solution File, Format Version 12.00
# Visual Studio 15
VisualStudioVersion = 15.0.27703.2042
MinimumVisualStudioVersion = 10.0.40219.1
Project("{9A19103F-16F7-4668-BE54-9A1E7A4F7556}") = "Medium", "Medium\Medium.csproj", "{AE67809C-0417-491F-9C46-645EDFE23A9B}"
EndProject
Project("{9A19103F-16F7-4668-BE54-9A1E7A4F7556}") = "Medium.SDK", "Medium.SDK\Medium.SDK.csproj", "{93912B7F-A5CE-4C15-9B6D-3D020902A136}"
EndProject
Project("{9A19103F-16F7-4668-BE54-9A1E7A4F7556}") = "Medium.Core", "Medium.Core\Medium.Core.csproj", "{D2339729-1FA8-4938-9D32-B0A641E430C2}"
EndProject
Global
	GlobalSection(SolutionConfigurationPlatforms) = preSolution
		Debug|Any CPU = Debug|Any CPU
		Release|Any CPU = Release|Any CPU
	EndGlobalSection
	GlobalSection(ProjectConfigurationPlatforms) = postSolution
		{AE67809C-0417-491F-9C46-645EDFE23A9B}.Debug|Any CPU.ActiveCfg = Debug|Any CPU
		{AE67809C-0417-491F-9C46-645EDFE23A9B}.Debug|Any CPU.Build.0 = Debug|Any CPU
		{AE67809C-0417-491F-9C46-645EDFE23A9B}.Release|Any CPU.ActiveCfg = Release|Any CPU
		{AE67809C-0417-491F-9C46-645EDFE23A9B}.Release|Any CPU.Build.0 = Release|Any CPU
		{93912B7F-A5CE-4C15-9B6D-3D020902A136}.Debug|Any CPU.ActiveCfg = Debug|Any CPU
		{93912B7F-A5CE-4C15-9B6D-3D020902A136}.Debug|Any CPU.Build.0 = Debug|Any CPU
		{93912B7F-A5CE-4C15-9B6D-3D020902A136}.Release|Any CPU.ActiveCfg = Release|Any CPU
		{93912B7F-A5CE-4C15-9B6D-3D020902A136}.Release|Any CPU.Build.0 = Release|Any CPU
		{D2339729-1FA8-4938-9D32-B0A641E430C2}.Debug|Any CPU.ActiveCfg = Debug|Any CPU
		{D2339729-1FA8-4938-9D32-B0A641E430C2}.Debug|Any CPU.Build.0 = Debug|Any CPU
		{D2339729-1FA8-4938-9D32-B0A641E430C2}.Release|Any CPU.ActiveCfg = Release|Any CPU
		{D2339729-1FA8-4938-9D32-B0A641E430C2}.Release|Any CPU.Build.0 = Release|Any CPU
	EndGlobalSection
	GlobalSection(SolutionProperties) = preSolution
		HideSolutionNode = FALSE
	EndGlobalSection
	GlobalSection(ExtensibilityGlobals) = postSolution
		SolutionGuid = {17A86A2A-DF9D-4AF1-8676-2C09F5250389}
	EndGlobalSection
EndGlobal
